
Microsoft Visual Studio Solution File, Format Version 12.00
# Visual Studio 15
VisualStudioVersion = 15.0.28307.705
MinimumVisualStudioVersion = 10.0.40219.1
Project("{FAE04EC0-301F-11D3-BF4B-00C04F79EFBC}") = "NetDimension.Weibo40", "NetDimension.Weibo\NetDimension.Weibo40.csproj", "{7B795714-40D6-4B2E-A277-CBE13C33E1ED}"
EndProject
Project("{2150E333-8FDC-42A3-9474-1A3956D46DE8}") = "lib", "lib", "{FDEAFC1E-3042-456C-BC8F-E6FB79411ABB}"
EndProject
Project("{8BC9CEB8-8B4A-11D0-8D11-00A0C91BC942}") = "crf_test", "crf_test\crf_test.vcxproj", "{03ADB25D-ECB1-45E9-A2A4-97D7C39D274E}"
EndProject
Project("{8BC9CEB8-8B4A-11D0-8D11-00A0C91BC942}") = "crf_learn", "crf_learn\crf_learn.vcxproj", "{38EA70BF-C42B-4BE0-93D6-8BB4F58A5B89}"
EndProject
Project("{8BC9CEB8-8B4A-11D0-8D11-00A0C91BC942}") = "lda", "lda\lda.vcxproj", "{C8BB5D4D-3F44-4D86-BADB-C48E845ADAAF}"
EndProject
Project("{FAE04EC0-301F-11D3-BF4B-00C04F79EFBC}") = "微博日历", "微博日历\微博日历.csproj", "{14102F8E-DF01-4D36-84DA-325AC39630F0}"
EndProject
Project("{FAE04EC0-301F-11D3-BF4B-00C04F79EFBC}") = "微博日历后台", "微博日历后台\微博日历后台.csproj", "{AA5076C9-1EA3-4441-8085-E03E03EF4ECD}"
EndProject
Project("{FAE04EC0-301F-11D3-BF4B-00C04F79EFBC}") = "NetDimension.OpenAuth.Winform", "NetDimension.OpenAuth.Winform\NetDimension.OpenAuth.Winform.csproj", "{0D1F893B-AF94-4E52-B972-A5D40E1DB670}"
EndProject
Project("{FAE04EC0-301F-11D3-BF4B-00C04F79EFBC}") = "NetDimension.OpenAuth", "NetDimension.OpenAuth\NetDimension.OpenAuth.csproj", "{38B68338-7FC0-4AB7-B8A7-674E0BCBF899}"
EndProject
Project("{FAE04EC0-301F-11D3-BF4B-00C04F79EFBC}") = "NetDimension.OpenAuth.Sina", "NetDimension.OpenAuth.Sina\NetDimension.OpenAuth.Sina.csproj", "{76FC909D-BDA2-4FCE-9B9F-B503A13DF44F}"
EndProject
Project("{FAE04EC0-301F-11D3-BF4B-00C04F79EFBC}") = "MicroBlogCalendar.Utility", "MicroBlogCalendar.Utility\MicroBlogCalendar.Utility.csproj", "{0E144E7E-F246-492E-8523-41C07A62E940}"
EndProject
Project("{FAE04EC0-301F-11D3-BF4B-00C04F79EFBC}") = "MicroBlogCalendar.Model", "MicroBlogCalendar.Model\MicroBlogCalendar.Model.csproj", "{FE2F84C7-7740-40C1-8C1F-368582302AA9}"
EndProject
Global
	GlobalSection(SolutionConfigurationPlatforms) = preSolution
		Debug|Any CPU = Debug|Any CPU
		Debug|x64 = Debug|x64
		Debug|x86 = Debug|x86
		Release|Any CPU = Release|Any CPU
		Release|x64 = Release|x64
		Release|x86 = Release|x86
	EndGlobalSection
	GlobalSection(ProjectConfigurationPlatforms) = postSolution
		{7B795714-40D6-4B2E-A277-CBE13C33E1ED}.Debug|Any CPU.ActiveCfg = Debug|Any CPU
		{7B795714-40D6-4B2E-A277-CBE13C33E1ED}.Debug|Any CPU.Build.0 = Debug|Any CPU
		{7B795714-40D6-4B2E-A277-CBE13C33E1ED}.Debug|x64.ActiveCfg = Debug|Any CPU
		{7B795714-40D6-4B2E-A277-CBE13C33E1ED}.Debug|x64.Build.0 = Debug|Any CPU
		{7B795714-40D6-4B2E-A277-CBE13C33E1ED}.Debug|x86.ActiveCfg = Debug|Any CPU
		{7B795714-40D6-4B2E-A277-CBE13C33E1ED}.Debug|x86.Build.0 = Debug|Any CPU
		{7B795714-40D6-4B2E-A277-CBE13C33E1ED}.Release|Any CPU.ActiveCfg = Release|Any CPU
		{7B795714-40D6-4B2E-A277-CBE13C33E1ED}.Release|Any CPU.Build.0 = Release|Any CPU
		{7B795714-40D6-4B2E-A277-CBE13C33E1ED}.Release|x64.ActiveCfg = Release|Any CPU
		{7B795714-40D6-4B2E-A277-CBE13C33E1ED}.Release|x64.Build.0 = Release|Any CPU
		{7B795714-40D6-4B2E-A277-CBE13C33E1ED}.Release|x86.ActiveCfg = Release|Any CPU
		{7B795714-40D6-4B2E-A277-CBE13C33E1ED}.Release|x86.Build.0 = Release|Any CPU
		{03ADB25D-ECB1-45E9-A2A4-97D7C39D274E}.Debug|Any CPU.ActiveCfg = Debug|Win32
		{03ADB25D-ECB1-45E9-A2A4-97D7C39D274E}.Debug|x64.ActiveCfg = Debug|x64
		{03ADB25D-ECB1-45E9-A2A4-97D7C39D274E}.Debug|x64.Build.0 = Debug|x64
		{03ADB25D-ECB1-45E9-A2A4-97D7C39D274E}.Debug|x86.ActiveCfg = Debug|Win32
		{03ADB25D-ECB1-45E9-A2A4-97D7C39D274E}.Debug|x86.Build.0 = Debug|Win32
		{03ADB25D-ECB1-45E9-A2A4-97D7C39D274E}.Release|Any CPU.ActiveCfg = Release|Win32
		{03ADB25D-ECB1-45E9-A2A4-97D7C39D274E}.Release|x64.ActiveCfg = Release|x64
		{03ADB25D-ECB1-45E9-A2A4-97D7C39D274E}.Release|x64.Build.0 = Release|x64
		{03ADB25D-ECB1-45E9-A2A4-97D7C39D274E}.Release|x86.ActiveCfg = Release|Win32
		{03ADB25D-ECB1-45E9-A2A4-97D7C39D274E}.Release|x86.Build.0 = Release|Win32
		{38EA70BF-C42B-4BE0-93D6-8BB4F58A5B89}.Debug|Any CPU.ActiveCfg = Debug|Win32
		{38EA70BF-C42B-4BE0-93D6-8BB4F58A5B89}.Debug|x64.ActiveCfg = Debug|x64
		{38EA70BF-C42B-4BE0-93D6-8BB4F58A5B89}.Debug|x64.Build.0 = Debug|x64
		{38EA70BF-C42B-4BE0-93D6-8BB4F58A5B89}.Debug|x86.ActiveCfg = Debug|Win32
		{38EA70BF-C42B-4BE0-93D6-8BB4F58A5B89}.Debug|x86.Build.0 = Debug|Win32
		{38EA70BF-C42B-4BE0-93D6-8BB4F58A5B89}.Release|Any CPU.ActiveCfg = Release|Win32
		{38EA70BF-C42B-4BE0-93D6-8BB4F58A5B89}.Release|x64.ActiveCfg = Release|x64
		{38EA70BF-C42B-4BE0-93D6-8BB4F58A5B89}.Release|x64.Build.0 = Release|x64
		{38EA70BF-C42B-4BE0-93D6-8BB4F58A5B89}.Release|x86.ActiveCfg = Release|Win32
		{38EA70BF-C42B-4BE0-93D6-8BB4F58A5B89}.Release|x86.Build.0 = Release|Win32
		{C8BB5D4D-3F44-4D86-BADB-C48E845ADAAF}.Debug|Any CPU.ActiveCfg = Debug|Win32
		{C8BB5D4D-3F44-4D86-BADB-C48E845ADAAF}.Debug|x64.ActiveCfg = Debug|x64
		{C8BB5D4D-3F44-4D86-BADB-C48E845ADAAF}.Debug|x64.Build.0 = Debug|x64
		{C8BB5D4D-3F44-4D86-BADB-C48E845ADAAF}.Debug|x86.ActiveCfg = Debug|Win32
		{C8BB5D4D-3F44-4D86-BADB-C48E845ADAAF}.Debug|x86.Build.0 = Debug|Win32
		{C8BB5D4D-3F44-4D86-BADB-C48E845ADAAF}.Release|Any CPU.ActiveCfg = Release|Win32
		{C8BB5D4D-3F44-4D86-BADB-C48E845ADAAF}.Release|x64.ActiveCfg = Release|x64
		{C8BB5D4D-3F44-4D86-BADB-C48E845ADAAF}.Release|x64.Build.0 = Release|x64
		{C8BB5D4D-3F44-4D86-BADB-C48E845ADAAF}.Release|x86.ActiveCfg = Release|Win32
		{C8BB5D4D-3F44-4D86-BADB-C48E845ADAAF}.Release|x86.Build.0 = Release|Win32
		{14102F8E-DF01-4D36-84DA-325AC39630F0}.Debug|Any CPU.ActiveCfg = Debug|Any CPU
		{14102F8E-DF01-4D36-84DA-325AC39630F0}.Debug|Any CPU.Build.0 = Debug|Any CPU
		{14102F8E-DF01-4D36-84DA-325AC39630F0}.Debug|x64.ActiveCfg = Debug|Any CPU
		{14102F8E-DF01-4D36-84DA-325AC39630F0}.Debug|x64.Build.0 = Debug|Any CPU
		{14102F8E-DF01-4D36-84DA-325AC39630F0}.Debug|x86.ActiveCfg = Debug|Any CPU
		{14102F8E-DF01-4D36-84DA-325AC39630F0}.Debug|x86.Build.0 = Debug|Any CPU
		{14102F8E-DF01-4D36-84DA-325AC39630F0}.Release|Any CPU.ActiveCfg = Release|Any CPU
		{14102F8E-DF01-4D36-84DA-325AC39630F0}.Release|Any CPU.Build.0 = Release|Any CPU
		{14102F8E-DF01-4D36-84DA-325AC39630F0}.Release|x64.ActiveCfg = Release|Any CPU
		{14102F8E-DF01-4D36-84DA-325AC39630F0}.Release|x64.Build.0 = Release|Any CPU
		{14102F8E-DF01-4D36-84DA-325AC39630F0}.Release|x86.ActiveCfg = Release|Any CPU
		{14102F8E-DF01-4D36-84DA-325AC39630F0}.Release|x86.Build.0 = Release|Any CPU
		{AA5076C9-1EA3-4441-8085-E03E03EF4ECD}.Debug|Any CPU.ActiveCfg = Debug|Any CPU
		{AA5076C9-1EA3-4441-8085-E03E03EF4ECD}.Debug|Any CPU.Build.0 = Debug|Any CPU
		{AA5076C9-1EA3-4441-8085-E03E03EF4ECD}.Debug|x64.ActiveCfg = Debug|Any CPU
		{AA5076C9-1EA3-4441-8085-E03E03EF4ECD}.Debug|x64.Build.0 = Debug|Any CPU
		{AA5076C9-1EA3-4441-8085-E03E03EF4ECD}.Debug|x86.ActiveCfg = Debug|Any CPU
		{AA5076C9-1EA3-4441-8085-E03E03EF4ECD}.Debug|x86.Build.0 = Debug|Any CPU
		{AA5076C9-1EA3-4441-8085-E03E03EF4ECD}.Release|Any CPU.ActiveCfg = Release|Any CPU
		{AA5076C9-1EA3-4441-8085-E03E03EF4ECD}.Release|Any CPU.Build.0 = Release|Any CPU
		{AA5076C9-1EA3-4441-8085-E03E03EF4ECD}.Release|x64.ActiveCfg = Release|Any CPU
		{AA5076C9-1EA3-4441-8085-E03E03EF4ECD}.Release|x64.Build.0 = Release|Any CPU
		{AA5076C9-1EA3-4441-8085-E03E03EF4ECD}.Release|x86.ActiveCfg = Release|Any CPU
		{AA5076C9-1EA3-4441-8085-E03E03EF4ECD}.Release|x86.Build.0 = Release|Any CPU
		{0D1F893B-AF94-4E52-B972-A5D40E1DB670}.Debug|Any CPU.ActiveCfg = Debug|Any CPU
		{0D1F893B-AF94-4E52-B972-A5D40E1DB670}.Debug|Any CPU.Build.0 = Debug|Any CPU
		{0D1F893B-AF94-4E52-B972-A5D40E1DB670}.Debug|x64.ActiveCfg = Debug|Any CPU
		{0D1F893B-AF94-4E52-B972-A5D40E1DB670}.Debug|x64.Build.0 = Debug|Any CPU
		{0D1F893B-AF94-4E52-B972-A5D40E1DB670}.Debug|x86.ActiveCfg = Debug|Any CPU
		{0D1F893B-AF94-4E52-B972-A5D40E1DB670}.Debug|x86.Build.0 = Debug|Any CPU
		{0D1F893B-AF94-4E52-B972-A5D40E1DB670}.Release|Any CPU.ActiveCfg = Release|Any CPU
		{0D1F893B-AF94-4E52-B972-A5D40E1DB670}.Release|Any CPU.Build.0 = Release|Any CPU
		{0D1F893B-AF94-4E52-B972-A5D40E1DB670}.Release|x64.ActiveCfg = Release|Any CPU
		{0D1F893B-AF94-4E52-B972-A5D40E1DB670}.Release|x64.Build.0 = Release|Any CPU
		{0D1F893B-AF94-4E52-B972-A5D40E1DB670}.Release|x86.ActiveCfg = Release|Any CPU
		{0D1F893B-AF94-4E52-B972-A5D40E1DB670}.Release|x86.Build.0 = Release|Any CPU
		{38B68338-7FC0-4AB7-B8A7-674E0BCBF899}.Debug|Any CPU.ActiveCfg = Debug|Any CPU
		{38B68338-7FC0-4AB7-B8A7-674E0BCBF899}.Debug|Any CPU.Build.0 = Debug|Any CPU
		{38B68338-7FC0-4AB7-B8A7-674E0BCBF899}.Debug|x64.ActiveCfg = Debug|Any CPU
		{38B68338-7FC0-4AB7-B8A7-674E0BCBF899}.Debug|x64.Build.0 = Debug|Any CPU
		{38B68338-7FC0-4AB7-B8A7-674E0BCBF899}.Debug|x86.ActiveCfg = Debug|Any CPU
		{38B68338-7FC0-4AB7-B8A7-674E0BCBF899}.Debug|x86.Build.0 = Debug|Any CPU
		{38B68338-7FC0-4AB7-B8A7-674E0BCBF899}.Release|Any CPU.ActiveCfg = Release|Any CPU
		{38B68338-7FC0-4AB7-B8A7-674E0BCBF899}.Release|Any CPU.Build.0 = Release|Any CPU
		{38B68338-7FC0-4AB7-B8A7-674E0BCBF899}.Release|x64.ActiveCfg = Release|Any CPU
		{38B68338-7FC0-4AB7-B8A7-674E0BCBF899}.Release|x64.Build.0 = Release|Any CPU
		{38B68338-7FC0-4AB7-B8A7-674E0BCBF899}.Release|x86.ActiveCfg = Release|Any CPU
		{38B68338-7FC0-4AB7-B8A7-674E0BCBF899}.Release|x86.Build.0 = Release|Any CPU
		{76FC909D-BDA2-4FCE-9B9F-B503A13DF44F}.Debug|Any CPU.ActiveCfg = Debug|Any CPU
		{76FC909D-BDA2-4FCE-9B9F-B503A13DF44F}.Debug|Any CPU.Build.0 = Debug|Any CPU
		{76FC909D-BDA2-4FCE-9B9F-B503A13DF44F}.Debug|x64.ActiveCfg = Debug|Any CPU
		{76FC909D-BDA2-4FCE-9B9F-B503A13DF44F}.Debug|x64.Build.0 = Debug|Any CPU
		{76FC909D-BDA2-4FCE-9B9F-B503A13DF44F}.Debug|x86.ActiveCfg = Debug|Any CPU
		{76FC909D-BDA2-4FCE-9B9F-B503A13DF44F}.Debug|x86.Build.0 = Debug|Any CPU
		{76FC909D-BDA2-4FCE-9B9F-B503A13DF44F}.Release|Any CPU.ActiveCfg = Release|Any CPU
		{76FC909D-BDA2-4FCE-9B9F-B503A13DF44F}.Release|Any CPU.Build.0 = Release|Any CPU
		{76FC909D-BDA2-4FCE-9B9F-B503A13DF44F}.Release|x64.ActiveCfg = Release|Any CPU
		{76FC909D-BDA2-4FCE-9B9F-B503A13DF44F}.Release|x64.Build.0 = Release|Any CPU
		{76FC909D-BDA2-4FCE-9B9F-B503A13DF44F}.Release|x86.ActiveCfg = Release|Any CPU
		{76FC909D-BDA2-4FCE-9B9F-B503A13DF44F}.Release|x86.Build.0 = Release|Any CPU
		{0E144E7E-F246-492E-8523-41C07A62E940}.Debug|Any CPU.ActiveCfg = Debug|Any CPU
		{0E144E7E-F246-492E-8523-41C07A62E940}.Debug|Any CPU.Build.0 = Debug|Any CPU
		{0E144E7E-F246-492E-8523-41C07A62E940}.Debug|x64.ActiveCfg = Debug|Any CPU
		{0E144E7E-F246-492E-8523-41C07A62E940}.Debug|x64.Build.0 = Debug|Any CPU
		{0E144E7E-F246-492E-8523-41C07A62E940}.Debug|x86.ActiveCfg = Debug|Any CPU
		{0E144E7E-F246-492E-8523-41C07A62E940}.Debug|x86.Build.0 = Debug|Any CPU
		{0E144E7E-F246-492E-8523-41C07A62E940}.Release|Any CPU.ActiveCfg = Release|Any CPU
		{0E144E7E-F246-492E-8523-41C07A62E940}.Release|Any CPU.Build.0 = Release|Any CPU
		{0E144E7E-F246-492E-8523-41C07A62E940}.Release|x64.ActiveCfg = Release|Any CPU
		{0E144E7E-F246-492E-8523-41C07A62E940}.Release|x64.Build.0 = Release|Any CPU
		{0E144E7E-F246-492E-8523-41C07A62E940}.Release|x86.ActiveCfg = Release|Any CPU
		{0E144E7E-F246-492E-8523-41C07A62E940}.Release|x86.Build.0 = Release|Any CPU
		{FE2F84C7-7740-40C1-8C1F-368582302AA9}.Debug|Any CPU.ActiveCfg = Debug|Any CPU
		{FE2F84C7-7740-40C1-8C1F-368582302AA9}.Debug|Any CPU.Build.0 = Debug|Any CPU
		{FE2F84C7-7740-40C1-8C1F-368582302AA9}.Debug|x64.ActiveCfg = Debug|Any CPU
		{FE2F84C7-7740-40C1-8C1F-368582302AA9}.Debug|x64.Build.0 = Debug|Any CPU
		{FE2F84C7-7740-40C1-8C1F-368582302AA9}.Debug|x86.ActiveCfg = Debug|Any CPU
		{FE2F84C7-7740-40C1-8C1F-368582302AA9}.Debug|x86.Build.0 = Debug|Any CPU
		{FE2F84C7-7740-40C1-8C1F-368582302AA9}.Release|Any CPU.ActiveCfg = Release|Any CPU
		{FE2F84C7-7740-40C1-8C1F-368582302AA9}.Release|Any CPU.Build.0 = Release|Any CPU
		{FE2F84C7-7740-40C1-8C1F-368582302AA9}.Release|x64.ActiveCfg = Release|Any CPU
		{FE2F84C7-7740-40C1-8C1F-368582302AA9}.Release|x64.Build.0 = Release|Any CPU
		{FE2F84C7-7740-40C1-8C1F-368582302AA9}.Release|x86.ActiveCfg = Release|Any CPU
		{FE2F84C7-7740-40C1-8C1F-368582302AA9}.Release|x86.Build.0 = Release|Any CPU
	EndGlobalSection
	GlobalSection(SolutionProperties) = preSolution
		HideSolutionNode = FALSE
	EndGlobalSection
	GlobalSection(NestedProjects) = preSolution
		{03ADB25D-ECB1-45E9-A2A4-97D7C39D274E} = {FDEAFC1E-3042-456C-BC8F-E6FB79411ABB}
		{38EA70BF-C42B-4BE0-93D6-8BB4F58A5B89} = {FDEAFC1E-3042-456C-BC8F-E6FB79411ABB}
		{C8BB5D4D-3F44-4D86-BADB-C48E845ADAAF} = {FDEAFC1E-3042-456C-BC8F-E6FB79411ABB}
	EndGlobalSection
	GlobalSection(ExtensibilityGlobals) = postSolution
		SolutionGuid = {F75DF1CB-EE1E-46F1-A1F3-ACDC3FFAF183}
	EndGlobalSection
EndGlobal
