<?xml version="1.0" encoding="utf-8"?>
<Project ToolsVersion="4.0" xmlns="http://schemas.microsoft.com/developer/msbuild/2003">
  <ItemGroup>
    <ClCompile Include="crf_test.cpp">
      <Filter>源文件</Filter>
    </ClCompile>
    <ClCompile Include="encoder.cpp">
      <Filter>源文件</Filter>
    </ClCompile>
    <ClCompile Include="feature.cpp">
      <Filter>源文件</Filter>
    </ClCompile>
    <ClCompile Include="feature_cache.cpp">
      <Filter>源文件</Filter>
    </ClCompile>
    <ClCompile Include="feature_index.cpp">
      <Filter>源文件</Filter>
    </ClCompile>
    <ClCompile Include="lbfgs.cpp">
      <Filter>源文件</Filter>
    </ClCompile>
    <ClCompile Include="libcrfpp.cpp">
      <Filter>源文件</Filter>
    </ClCompile>
    <ClCompile Include="node.cpp">
      <Filter>源文件</Filter>
    </ClCompile>
    <ClCompile Include="param.cpp">
      <Filter>源文件</Filter>
    </ClCompile>
    <ClCompile Include="path.cpp">
      <Filter>源文件</Filter>
    </ClCompile>
    <ClCompile Include="tagger.cpp">
      <Filter>源文件</Filter>
    </ClCompile>
  </ItemGroup>
  <ItemGroup>
    <ClInclude Include="common.h">
      <Filter>头文件</Filter>
    </ClInclude>
    <ClInclude Include="crfpp.h">
      <Filter>头文件</Filter>
    </ClInclude>
    <ClInclude Include="darts.h">
      <Filter>头文件</Filter>
    </ClInclude>
    <ClInclude Include="encoder.h">
      <Filter>头文件</Filter>
    </ClInclude>
    <ClInclude Include="feature_index.h">
      <Filter>头文件</Filter>
    </ClInclude>
    <ClInclude Include="freelist.h">
      <Filter>头文件</Filter>
    </ClInclude>
    <ClInclude Include="lbfgs.h">
      <Filter>头文件</Filter>
    </ClInclude>
    <ClInclude Include="feature_cache.h">
      <Filter>头文件</Filter>
    </ClInclude>
    <ClInclude Include="mmap.h">
      <Filter>头文件</Filter>
    </ClInclude>
    <ClInclude Include="node.h">
      <Filter>头文件</Filter>
    </ClInclude>
    <ClInclude Include="param.h">
      <Filter>头文件</Filter>
    </ClInclude>
    <ClInclude Include="path.h">
      <Filter>头文件</Filter>
    </ClInclude>
    <ClInclude Include="scoped_ptr.h">
      <Filter>头文件</Filter>
    </ClInclude>
    <ClInclude Include="stream_wrapper.h">
      <Filter>头文件</Filter>
    </ClInclude>
    <ClInclude Include="tagger.h">
      <Filter>头文件</Filter>
    </ClInclude>
    <ClInclude Include="thread.h">
      <Filter>头文件</Filter>
    </ClInclude>
    <ClInclude Include="timer.h">
      <Filter>头文件</Filter>
    </ClInclude>
    <ClInclude Include="winmain.h">
      <Filter>头文件</Filter>
    </ClInclude>
  </ItemGroup>
  <ItemGroup>
    <None Include="C:\Users\Doraemon\Desktop\java\CRF++-0.58\Makefile.msvc.in" />
    <None Include="C:\Users\Doraemon\Desktop\java\CRF++-0.58\config.h">
      <Filter>头文件</Filter>
    </None>
  </ItemGroup>
  <ItemGroup>
    <Filter Include="头文件">
      <UniqueIdentifier>{faa860db-ae2b-4f24-9246-a0a005c3a2ab}</UniqueIdentifier>
    </Filter>
    <Filter Include="源文件">
      <UniqueIdentifier>{bf96abfb-ead5-4841-870a-a0fbc9a5886c}</UniqueIdentifier>
    </Filter>
  </ItemGroup>
</Project>